
Microsoft Visual Studio Solution File, Format Version 12.00
# Visual Studio 2012
Project("{FAE04EC0-301F-11D3-BF4B-00C04F79EFBC}") = "RadioOwner", "RadioOwner\RadioOwner.csproj", "{DF5ED764-D0FA-4C25-A16B-9189D1158E0E}"
EndProject
Global
	GlobalSection(SolutionConfigurationPlatforms) = preSolution
		Debug|Any CPU = Debug|Any CPU
		Release|Any CPU = Release|Any CPU
	EndGlobalSection
	GlobalSection(ProjectConfigurationPlatforms) = postSolution
		{DF5ED764-D0FA-4C25-A16B-9189D1158E0E}.Debug|Any CPU.ActiveCfg = Debug|Any CPU
		{DF5ED764-D0FA-4C25-A16B-9189D1158E0E}.Debug|Any CPU.Build.0 = Debug|Any CPU
		{DF5ED764-D0FA-4C25-A16B-9189D1158E0E}.Release|Any CPU.ActiveCfg = Release|Any CPU
		{DF5ED764-D0FA-4C25-A16B-9189D1158E0E}.Release|Any CPU.Build.0 = Release|Any CPU
	EndGlobalSection
	GlobalSection(SolutionProperties) = preSolution
		HideSolutionNode = FALSE
	EndGlobalSection
EndGlobal
